// !$*UTF8*$!
{
	archiveVersion = 1;
	classes = {
	};
	objectVersion = 46;
	objects = {

/* Begin PBXBuildFile section */
		A11E9D891A9A691600D493EC /* main.m in Sources */ = {isa = PBXBuildFile; fileRef = A11E9D881A9A691600D493EC /* main.m */; };
		A11E9D8C1A9A691600D493EC /* AppDelegate.m in Sources */ = {isa = PBXBuildFile; fileRef = A11E9D8B1A9A691600D493EC /* AppDelegate.m */; };
		A11E9D8F1A9A691600D493EC /* ViewController.m in Sources */ = {isa = PBXBuildFile; fileRef = A11E9D8E1A9A691600D493EC /* ViewController.m */; };
		A11E9D921A9A691600D493EC /* Main.storyboard in Resources */ = {isa = PBXBuildFile; fileRef = A11E9D901A9A691600D493EC /* Main.storyboard */; };
		A11E9D941A9A691600D493EC /* Images.xcassets in Resources */ = {isa = PBXBuildFile; fileRef = A11E9D931A9A691600D493EC /* Images.xcassets */; };
		A11E9D971A9A691600D493EC /* LaunchScreen.xib in Resources */ = {isa = PBXBuildFile; fileRef = A11E9D951A9A691600D493EC /* LaunchScreen.xib */; };
		A11E9DA31A9A691600D493EC /* NewControlTests.m in Sources */ = {isa = PBXBuildFile; fileRef = A11E9DA21A9A691600D493EC /* NewControlTests.m */; };
		A11E9DAE1A9A692200D493EC /* RGTimerView.m in Sources */ = {isa = PBXBuildFile; fileRef = A11E9DAD1A9A692200D493EC /* RGTimerView.m */; };
/* End PBXBuildFile section */

/* Begin PBXContainerItemProxy section */
		A11E9D9D1A9A691600D493EC /* PBXContainerItemProxy */ = {
			isa = PBXContainerItemProxy;
			containerPortal = A11E9D7B1A9A691600D493EC /* Project object */;
			proxyType = 1;
			remoteGlobalIDString = A11E9D821A9A691600D493EC;
			remoteInfo = NewControl;
		};
/* End PBXContainerItemProxy section */

/* Begin PBXFileReference section */
		A11E9D831A9A691600D493EC /* RGTimeControl.app */ = {isa = PBXFileReference; explicitFileType = wrapper.application; includeInIndex = 0; path = RGTimeControl.app; sourceTree = BUILT_PRODUCTS_DIR; };
		A11E9D871A9A691600D493EC /* Info.plist */ = {isa = PBXFileReference; lastKnownFileType = text.plist.xml; path = Info.plist; sourceTree = "<group>"; };
		A11E9D881A9A691600D493EC /* main.m */ = {isa = PBXFileReference; lastKnownFileType = sourcecode.c.objc; path = main.m; sourceTree = "<group>"; };
		A11E9D8A1A9A691600D493EC /* AppDelegate.h */ = {isa = PBXFileReference; lastKnownFileType = sourcecode.c.h; path = AppDelegate.h; sourceTree = "<group>"; };
		A11E9D8B1A9A691600D493EC /* AppDelegate.m */ = {isa = PBXFileReference; lastKnownFileType = sourcecode.c.objc; path = AppDelegate.m; sourceTree = "<group>"; };
		A11E9D8D1A9A691600D493EC /* ViewController.h */ = {isa = PBXFileReference; lastKnownFileType = sourcecode.c.h; path = ViewController.h; sourceTree = "<group>"; };
		A11E9D8E1A9A691600D493EC /* ViewController.m */ = {isa = PBXFileReference; lastKnownFileType = sourcecode.c.objc; path = ViewController.m; sourceTree = "<group>"; };
		A11E9D911A9A691600D493EC /* Base */ = {isa = PBXFileReference; lastKnownFileType = file.storyboard; name = Base; path = Base.lproj/Main.storyboard; sourceTree = "<group>"; };
		A11E9D931A9A691600D493EC /* Images.xcassets */ = {isa = PBXFileReference; lastKnownFileType = folder.assetcatalog; path = Images.xcassets; sourceTree = "<group>"; };
		A11E9D961A9A691600D493EC /* Base */ = {isa = PBXFileReference; lastKnownFileType = file.xib; name = Base; path = Base.lproj/LaunchScreen.xib; sourceTree = "<group>"; };
		A11E9D9C1A9A691600D493EC /* RGTimeControlTests.xctest */ = {isa = PBXFileReference; explicitFileType = wrapper.cfbundle; includeInIndex = 0; path = RGTimeControlTests.xctest; sourceTree = BUILT_PRODUCTS_DIR; };
		A11E9DA11A9A691600D493EC /* Info.plist */ = {isa = PBXFileReference; lastKnownFileType = text.plist.xml; path = Info.plist; sourceTree = "<group>"; };
		A11E9DA21A9A691600D493EC /* NewControlTests.m */ = {isa = PBXFileReference; lastKnownFileType = sourcecode.c.objc; path = NewControlTests.m; sourceTree = "<group>"; };
		A11E9DAC1A9A692200D493EC /* RGTimerView.h */ = {isa = PBXFileReference; fileEncoding = 4; lastKnownFileType = sourcecode.c.h; path = RGTimerView.h; sourceTree = "<group>"; };
		A11E9DAD1A9A692200D493EC /* RGTimerView.m */ = {isa = PBXFileReference; fileEncoding = 4; lastKnownFileType = sourcecode.c.objc; path = RGTimerView.m; sourceTree = "<group>"; };
/* End PBXFileReference section */

/* Begin PBXFrameworksBuildPhase section */
		A11E9D801A9A691600D493EC /* Frameworks */ = {
			isa = PBXFrameworksBuildPhase;
			buildActionMask = 2147483647;
			files = (
			);
			runOnlyForDeploymentPostprocessing = 0;
		};
		A11E9D991A9A691600D493EC /* Frameworks */ = {
			isa = PBXFrameworksBuildPhase;
			buildActionMask = 2147483647;
			files = (
			);
			runOnlyForDeploymentPostprocessing = 0;
		};
/* End PBXFrameworksBuildPhase section */

/* Begin PBXGroup section */
		A11E9D7A1A9A691600D493EC = {
			isa = PBXGroup;
			children = (
				A11E9DAC1A9A692200D493EC /* RGTimerView.h */,
				A11E9DAD1A9A692200D493EC /* RGTimerView.m */,
				A11E9D851A9A691600D493EC /* NewControl */,
				A11E9D9F1A9A691600D493EC /* NewControlTests */,
				A11E9D841A9A691600D493EC /* Products */,
			);
			sourceTree = "<group>";
		};
		A11E9D841A9A691600D493EC /* Products */ = {
			isa = PBXGroup;
			children = (
				A11E9D831A9A691600D493EC /* RGTimeControl.app */,
				A11E9D9C1A9A691600D493EC /* RGTimeControlTests.xctest */,
			);
			name = Products;
			sourceTree = "<group>";
		};
		A11E9D851A9A691600D493EC /* NewControl */ = {
			isa = PBXGroup;
			children = (
				A11E9D8A1A9A691600D493EC /* AppDelegate.h */,
				A11E9D8B1A9A691600D493EC /* AppDelegate.m */,
				A11E9D8D1A9A691600D493EC /* ViewController.h */,
				A11E9D8E1A9A691600D493EC /* ViewController.m */,
				A11E9D901A9A691600D493EC /* Main.storyboard */,
				A11E9D931A9A691600D493EC /* Images.xcassets */,
				A11E9D951A9A691600D493EC /* LaunchScreen.xib */,
				A11E9D861A9A691600D493EC /* Supporting Files */,
			);
			path = NewControl;
			sourceTree = "<group>";
		};
		A11E9D861A9A691600D493EC /* Supporting Files */ = {
			isa = PBXGroup;
			children = (
				A11E9D871A9A691600D493EC /* Info.plist */,
				A11E9D881A9A691600D493EC /* main.m */,
			);
			name = "Supporting Files";
			sourceTree = "<group>";
		};
		A11E9D9F1A9A691600D493EC /* NewControlTests */ = {
			isa = PBXGroup;
			children = (
				A11E9DA21A9A691600D493EC /* NewControlTests.m */,
				A11E9DA01A9A691600D493EC /* Supporting Files */,
			);
			path = NewControlTests;
			sourceTree = "<group>";
		};
		A11E9DA01A9A691600D493EC /* Supporting Files */ = {
			isa = PBXGroup;
			children = (
				A11E9DA11A9A691600D493EC /* Info.plist */,
			);
			name = "Supporting Files";
			sourceTree = "<group>";
		};
/* End PBXGroup section */

/* Begin PBXNativeTarget section */
		A11E9D821A9A691600D493EC /* RGTimeControl */ = {
			isa = PBXNativeTarget;
			buildConfigurationList = A11E9DA61A9A691600D493EC /* Build configuration list for PBXNativeTarget "RGTimeControl" */;
			buildPhases = (
				A11E9D7F1A9A691600D493EC /* Sources */,
				A11E9D801A9A691600D493EC /* Frameworks */,
				A11E9D811A9A691600D493EC /* Resources */,
			);
			buildRules = (
			);
			dependencies = (
			);
			name = RGTimeControl;
			productName = NewControl;
			productReference = A11E9D831A9A691600D493EC /* RGTimeControl.app */;
			productType = "com.apple.product-type.application";
		};
		A11E9D9B1A9A691600D493EC /* RGTimeControlTests */ = {
			isa = PBXNativeTarget;
			buildConfigurationList = A11E9DA91A9A691600D493EC /* Build configuration list for PBXNativeTarget "RGTimeControlTests" */;
			buildPhases = (
				A11E9D981A9A691600D493EC /* Sources */,
				A11E9D991A9A691600D493EC /* Frameworks */,
				A11E9D9A1A9A691600D493EC /* Resources */,
			);
			buildRules = (
			);
			dependencies = (
				A11E9D9E1A9A691600D493EC /* PBXTargetDependency */,
			);
			name = RGTimeControlTests;
			productName = NewControlTests;
			productReference = A11E9D9C1A9A691600D493EC /* RGTimeControlTests.xctest */;
			productType = "com.apple.product-type.bundle.unit-test";
		};
/* End PBXNativeTarget section */

/* Begin PBXProject section */
		A11E9D7B1A9A691600D493EC /* Project object */ = {
			isa = PBXProject;
			attributes = {
				LastUpgradeCheck = 0610;
				ORGANIZATIONNAME = "ROBERA GELETA";
				TargetAttributes = {
					A11E9D821A9A691600D493EC = {
						CreatedOnToolsVersion = 6.1.1;
					};
					A11E9D9B1A9A691600D493EC = {
						CreatedOnToolsVersion = 6.1.1;
						TestTargetID = A11E9D821A9A691600D493EC;
					};
				};
			};
			buildConfigurationList = A11E9D7E1A9A691600D493EC /* Build configuration list for PBXProject "RGTimeControl" */;
			compatibilityVersion = "Xcode 3.2";
			developmentRegion = English;
			hasScannedForEncodings = 0;
			knownRegions = (
				en,
				Base,
			);
			mainGroup = A11E9D7A1A9A691600D493EC;
			productRefGroup = A11E9D841A9A691600D493EC /* Products */;
			projectDirPath = "";
			projectRoot = "";
			targets = (
				A11E9D821A9A691600D493EC /* RGTimeControl */,
				A11E9D9B1A9A691600D493EC /* RGTimeControlTests */,
			);
		};
/* End PBXProject section */

/* Begin PBXResourcesBuildPhase section */
		A11E9D811A9A691600D493EC /* Resources */ = {
			isa = PBXResourcesBuildPhase;
			buildActionMask = 2147483647;
			files = (
				A11E9D921A9A691600D493EC /* Main.storyboard in Resources */,
				A11E9D971A9A691600D493EC /* LaunchScreen.xib in Resources */,
				A11E9D941A9A691600D493EC /* Images.xcassets in Resources */,
			);
			runOnlyForDeploymentPostprocessing = 0;
		};
		A11E9D9A1A9A691600D493EC /* Resources */ = {
			isa = PBXResourcesBuildPhase;
			buildActionMask = 2147483647;
			files = (
			);
			runOnlyForDeploymentPostprocessing = 0;
		};
/* End PBXResourcesBuildPhase section */

/* Begin PBXSourcesBuildPhase section */
		A11E9D7F1A9A691600D493EC /* Sources */ = {
			isa = PBXSourcesBuildPhase;
			buildActionMask = 2147483647;
			files = (
				A11E9D8F1A9A691600D493EC /* ViewController.m in Sources */,
				A11E9D8C1A9A691600D493EC /* AppDelegate.m in Sources */,
				A11E9D891A9A691600D493EC /* main.m in Sources */,
				A11E9DAE1A9A692200D493EC /* RGTimerView.m in Sources */,
			);
			runOnlyForDeploymentPostprocessing = 0;
		};
		A11E9D981A9A691600D493EC /* Sources */ = {
			isa = PBXSourcesBuildPhase;
			buildActionMask = 2147483647;
			files = (
				A11E9DA31A9A691600D493EC /* NewControlTests.m in Sources */,
			);
			runOnlyForDeploymentPostprocessing = 0;
		};
/* End PBXSourcesBuildPhase section */

/* Begin PBXTargetDependency section */
		A11E9D9E1A9A691600D493EC /* PBXTargetDependency */ = {
			isa = PBXTargetDependency;
			target = A11E9D821A9A691600D493EC /* RGTimeControl */;
			targetProxy = A11E9D9D1A9A691600D493EC /* PBXContainerItemProxy */;
		};
/* End PBXTargetDependency section */

/* Begin PBXVariantGroup section */
		A11E9D901A9A691600D493EC /* Main.storyboard */ = {
			isa = PBXVariantGroup;
			children = (
				A11E9D911A9A691600D493EC /* Base */,
			);
			name = Main.storyboard;
			sourceTree = "<group>";
		};
		A11E9D951A9A691600D493EC /* LaunchScreen.xib */ = {
			isa = PBXVariantGroup;
			children = (
				A11E9D961A9A691600D493EC /* Base */,
			);
			name = LaunchScreen.xib;
			sourceTree = "<group>";
		};
/* End PBXVariantGroup section */

/* Begin XCBuildConfiguration section */
		A11E9DA41A9A691600D493EC /* Debug */ = {
			isa = XCBuildConfiguration;
			buildSettings = {
				ALWAYS_SEARCH_USER_PATHS = NO;
				CLANG_CXX_LANGUAGE_STANDARD = "gnu++0x";
				CLANG_CXX_LIBRARY = "libc++";
				CLANG_ENABLE_MODULES = YES;
				CLANG_ENABLE_OBJC_ARC = YES;
				CLANG_WARN_BOOL_CONVERSION = YES;
				CLANG_WARN_CONSTANT_CONVERSION = YES;
				CLANG_WARN_DIRECT_OBJC_ISA_USAGE = YES_ERROR;
				CLANG_WARN_EMPTY_BODY = YES;
				CLANG_WARN_ENUM_CONVERSION = YES;
				CLANG_WARN_INT_CONVERSION = YES;
				CLANG_WARN_OBJC_ROOT_CLASS = YES_ERROR;
				CLANG_WARN_UNREACHABLE_CODE = YES;
				CLANG_WARN__DUPLICATE_METHOD_MATCH = YES;
				"CODE_SIGN_IDENTITY[sdk=iphoneos*]" = "iPhone Developer";
				COPY_PHASE_STRIP = NO;
				ENABLE_STRICT_OBJC_MSGSEND = YES;
				GCC_C_LANGUAGE_STANDARD = gnu99;
				GCC_DYNAMIC_NO_PIC = NO;
				GCC_OPTIMIZATION_LEVEL = 0;
				GCC_PREPROCESSOR_DEFINITIONS = (
					"DEBUG=1",
					"$(inherited)",
				);
				GCC_SYMBOLS_PRIVATE_EXTERN = NO;
				GCC_WARN_64_TO_32_BIT_CONVERSION = YES;
				GCC_WARN_ABOUT_RETURN_TYPE = YES_ERROR;
				GCC_WARN_UNDECLARED_SELECTOR = YES;
				GCC_WARN_UNINITIALIZED_AUTOS = YES_AGGRESSIVE;
				GCC_WARN_UNUSED_FUNCTION = YES;
				GCC_WARN_UNUSED_VARIABLE = YES;
				IPHONEOS_DEPLOYMENT_TARGET = 8.1;
				MTL_ENABLE_DEBUG_INFO = YES;
				ONLY_ACTIVE_ARCH = YES;
				SDKROOT = iphoneos;
			};
			name = Debug;
		};
		A11E9DA51A9A691600D493EC /* Release */ = {
			isa = XCBuildConfiguration;
			buildSettings = {
				ALWAYS_SEARCH_USER_PATHS = NO;
				CLANG_CXX_LANGUAGE_STANDARD = "gnu++0x";
				CLANG_CXX_LIBRARY = "libc++";
				CLANG_ENABLE_MODULES = YES;
				CLANG_ENABLE_OBJC_ARC = YES;
				CLANG_WARN_BOOL_CONVERSION = YES;
				CLANG_WARN_CONSTANT_CONVERSION = YES;
				CLANG_WARN_DIRECT_OBJC_ISA_USAGE = YES_ERROR;
				CLANG_WARN_EMPTY_BODY = YES;
				CLANG_WARN_ENUM_CONVERSION = YES;
				CLANG_WARN_INT_CONVERSION = YES;
				CLANG_WARN_OBJC_ROOT_CLASS = YES_ERROR;
				CLANG_WARN_UNREACHABLE_CODE = YES;
				CLANG_WARN__DUPLICATE_METHOD_MATCH = YES;
				"CODE_SIGN_IDENTITY[sdk=iphoneos*]" = "iPhone Developer";
				COPY_PHASE_STRIP = YES;
				ENABLE_NS_ASSERTIONS = NO;
				ENABLE_STRICT_OBJC_MSGSEND = YES;
				GCC_C_LANGUAGE_STANDARD = gnu99;
				GCC_WARN_64_TO_32_BIT_CONVERSION = YES;
				GCC_WARN_ABOUT_RETURN_TYPE = YES_ERROR;
				GCC_WARN_UNDECLARED_SELECTOR = YES;
				GCC_WARN_UNINITIALIZED_AUTOS = YES_AGGRESSIVE;
				GCC_WARN_UNUSED_FUNCTION = YES;
				GCC_WARN_UNUSED_VARIABLE = YES;
				IPHONEOS_DEPLOYMENT_TARGET = 8.1;
				MTL_ENABLE_DEBUG_INFO = NO;
				SDKROOT = iphoneos;
				VALIDATE_PRODUCT = YES;
			};
			name = Release;
		};
		A11E9DA71A9A691600D493EC /* Debug */ = {
			isa = XCBuildConfiguration;
			buildSettings = {
				ASSETCATALOG_COMPILER_APPICON_NAME = AppIcon;
				INFOPLIST_FILE = NewControl/Info.plist;
				LD_RUNPATH_SEARCH_PATHS = "$(inherited) @executable_path/Frameworks";
				PRODUCT_NAME = RGTimeControl;
			};
			name = Debug;
		};
		A11E9DA81A9A691600D493EC /* Release */ = {
			isa = XCBuildConfiguration;
			buildSettings = {
				ASSETCATALOG_COMPILER_APPICON_NAME = AppIcon;
				INFOPLIST_FILE = NewControl/Info.plist;
				LD_RUNPATH_SEARCH_PATHS = "$(inherited) @executable_path/Frameworks";
				PRODUCT_NAME = RGTimeControl;
			};
			name = Release;
		};
		A11E9DAA1A9A691600D493EC /* Debug */ = {
			isa = XCBuildConfiguration;
			buildSettings = {
				BUNDLE_LOADER = "$(TEST_HOST)";
				FRAMEWORK_SEARCH_PATHS = (
					"$(SDKROOT)/Developer/Library/Frameworks",
					"$(inherited)",
				);
				GCC_PREPROCESSOR_DEFINITIONS = (
					"DEBUG=1",
					"$(inherited)",
				);
				INFOPLIST_FILE = NewControlTests/Info.plist;
				LD_RUNPATH_SEARCH_PATHS = "$(inherited) @executable_path/Frameworks @loader_path/Frameworks";
				PRODUCT_NAME = RGTimeControlTests;
				TEST_HOST = "$(BUILT_PRODUCTS_DIR)/NewControl.app/NewControl";
			};
			name = Debug;
		};
		A11E9DAB1A9A691600D493EC /* Release */ = {
			isa = XCBuildConfiguration;
			buildSettings = {
				BUNDLE_LOADER = "$(TEST_HOST)";
				FRAMEWORK_SEARCH_PATHS = (
					"$(SDKROOT)/Developer/Library/Frameworks",
					"$(inherited)",
				);
				INFOPLIST_FILE = NewControlTests/Info.plist;
				LD_RUNPATH_SEARCH_PATHS = "$(inherited) @executable_path/Frameworks @loader_path/Frameworks";
				PRODUCT_NAME = RGTimeControlTests;
				TEST_HOST = "$(BUILT_PRODUCTS_DIR)/NewControl.app/NewControl";
			};
			name = Release;
		};
/* End XCBuildConfiguration section */

/* Begin XCConfigurationList section */
		A11E9D7E1A9A691600D493EC /* Build configuration list for PBXProject "RGTimeControl" */ = {
			isa = XCConfigurationList;
			buildConfigurations = (
				A11E9DA41A9A691600D493EC /* Debug */,
				A11E9DA51A9A691600D493EC /* Release */,
			);
			defaultConfigurationIsVisible = 0;
			defaultConfigurationName = Release;
		};
		A11E9DA61A9A691600D493EC /* Build configuration list for PBXNativeTarget "RGTimeControl" */ = {
			isa = XCConfigurationList;
			buildConfigurations = (
				A11E9DA71A9A691600D493EC /* Debug */,
				A11E9DA81A9A691600D493EC /* Release */,
			);
			defaultConfigurationIsVisible = 0;
			defaultConfigurationName = Release;
		};
		A11E9DA91A9A691600D493EC /* Build configuration list for PBXNativeTarget "RGTimeControlTests" */ = {
			isa = XCConfigurationList;
			buildConfigurations = (
				A11E9DAA1A9A691600D493EC /* Debug */,
				A11E9DAB1A9A691600D493EC /* Release */,
			);
			defaultConfigurationIsVisible = 0;
			defaultConfigurationName = Release;
		};
/* End XCConfigurationList section */
	};
	rootObject = A11E9D7B1A9A691600D493EC /* Project object */;
}
